version: 5
environments:
  default:
    channels:
    - url: https://conda.anaconda.org/conda-forge/
    packages:
      osx-arm64:
      - conda: https://conda.anaconda.org/conda-forge/osx-arm64/bzip2-1.0.8-h99b78c6_7.conda
      - conda: https://conda.anaconda.org/conda-forge/osx-arm64/c-ares-1.34.3-h5505292_0.conda
      - conda: https://conda.anaconda.org/conda-forge/osx-arm64/ca-certificates-2024.8.30-hf0a4a13_0.conda
      - conda: https://conda.anaconda.org/conda-forge/osx-arm64/cairo-1.18.0-hb4a6bf7_3.conda
      - conda: https://conda.anaconda.org/conda-forge/noarch/font-ttf-dejavu-sans-mono-2.37-hab24e00_0.tar.bz2
      - conda: https://conda.anaconda.org/conda-forge/noarch/font-ttf-inconsolata-3.000-h77eed37_0.tar.bz2
      - conda: https://conda.anaconda.org/conda-forge/noarch/font-ttf-source-code-pro-2.038-h77eed37_0.tar.bz2
      - conda: https://conda.anaconda.org/conda-forge/noarch/font-ttf-ubuntu-0.83-h77eed37_3.conda
      - conda: https://conda.anaconda.org/conda-forge/osx-arm64/fontconfig-2.15.0-h1383a14_1.conda
      - conda: https://conda.anaconda.org/conda-forge/noarch/fonts-conda-ecosystem-1-0.tar.bz2
      - conda: https://conda.anaconda.org/conda-forge/noarch/fonts-conda-forge-1-0.tar.bz2
      - conda: https://conda.anaconda.org/conda-forge/osx-arm64/freetype-2.12.1-hadb7bae_2.conda
      - conda: https://conda.anaconda.org/conda-forge/osx-arm64/icu-75.1-hfee45f7_0.conda
      - conda: https://conda.anaconda.org/conda-forge/osx-arm64/krb5-1.21.3-h237132a_0.conda
      - conda: https://conda.anaconda.org/conda-forge/osx-arm64/lcms2-2.16-ha0e7c42_0.conda
      - conda: https://conda.anaconda.org/conda-forge/osx-arm64/lerc-4.0.0-h9a09cb3_0.tar.bz2
      - conda: https://conda.anaconda.org/conda-forge/osx-arm64/libcurl-8.10.1-h13a7ad3_0.conda
      - conda: https://conda.anaconda.org/conda-forge/osx-arm64/libcxx-19.1.3-ha82da77_0.conda
      - conda: https://conda.anaconda.org/conda-forge/osx-arm64/libdeflate-1.22-hd74edd7_0.conda
      - conda: https://conda.anaconda.org/conda-forge/osx-arm64/libedit-3.1.20191231-hc8eb9b7_2.tar.bz2
      - conda: https://conda.anaconda.org/conda-forge/osx-arm64/libev-4.33-h93a5062_2.conda
      - conda: https://conda.anaconda.org/conda-forge/osx-arm64/libexpat-2.6.4-h286801f_0.conda
      - conda: https://conda.anaconda.org/conda-forge/osx-arm64/libffi-3.4.2-h3422bc3_5.tar.bz2
      - conda: https://conda.anaconda.org/conda-forge/osx-arm64/libglib-2.82.2-h07bd6cf_0.conda
      - conda: https://conda.anaconda.org/conda-forge/osx-arm64/libiconv-1.17-h0d3ecfb_2.conda
      - conda: https://conda.anaconda.org/conda-forge/osx-arm64/libintl-0.22.5-h8414b35_3.conda
      - conda: https://conda.anaconda.org/conda-forge/osx-arm64/libjpeg-turbo-3.0.0-hb547adb_1.conda
      - conda: https://conda.anaconda.org/conda-forge/osx-arm64/libnghttp2-1.64.0-h6d7220d_0.conda
      - conda: https://conda.anaconda.org/conda-forge/osx-arm64/libpng-1.6.44-hc14010f_0.conda
      - conda: https://conda.anaconda.org/conda-forge/osx-arm64/libsqlite-3.47.0-hbaaea75_1.conda
      - conda: https://conda.anaconda.org/conda-forge/osx-arm64/libssh2-1.11.0-h7a5bd25_0.conda
      - conda: https://conda.anaconda.org/conda-forge/osx-arm64/libtiff-4.7.0-hfce79cd_1.conda
      - conda: https://conda.anaconda.org/conda-forge/osx-arm64/libwebp-base-1.4.0-h93a5062_0.conda
      - conda: https://conda.anaconda.org/conda-forge/osx-arm64/libzlib-1.3.1-h8359307_2.conda
      - conda: https://conda.anaconda.org/conda-forge/osx-arm64/ncurses-6.5-h7bae524_1.conda
      - conda: https://conda.anaconda.org/conda-forge/osx-arm64/nspr-4.36-h5833ebf_0.conda
      - conda: https://conda.anaconda.org/conda-forge/osx-arm64/nss-3.106-h6f44f80_0.conda
      - conda: https://conda.anaconda.org/conda-forge/osx-arm64/openjpeg-2.5.2-h9f1df11_0.conda
      - conda: https://conda.anaconda.org/conda-forge/osx-arm64/openssl-3.4.0-h39f12f2_0.conda
      - conda: https://conda.anaconda.org/conda-forge/osx-arm64/pcre2-10.44-h297a79d_2.conda
      - conda: https://conda.anaconda.org/conda-forge/osx-arm64/pixman-0.43.4-hebf3989_0.conda
      - conda: https://conda.anaconda.org/conda-forge/osx-arm64/poppler-24.08.0-h37b219d_1.conda
      - conda: https://conda.anaconda.org/conda-forge/noarch/poppler-data-0.4.12-hd8ed1ab_0.conda
      - conda: https://conda.anaconda.org/conda-forge/osx-arm64/xz-5.2.6-h57fd34a_0.tar.bz2
      - conda: https://conda.anaconda.org/conda-forge/osx-arm64/zlib-1.3.1-h8359307_2.conda
      - conda: https://conda.anaconda.org/conda-forge/osx-arm64/zstd-1.5.6-hb46c0d2_0.conda
packages:
- kind: conda
  name: bzip2
  version: 1.0.8
  build: h99b78c6_7
  build_number: 7
  subdir: osx-arm64
  url: https://conda.anaconda.org/conda-forge/osx-arm64/bzip2-1.0.8-h99b78c6_7.conda
  sha256: adfa71f158cbd872a36394c56c3568e6034aa55c623634b37a4836bd036e6b91
  md5: fc6948412dbbbe9a4c9ddbbcfe0a79ab
  depends:
  - __osx >=11.0
  license: bzip2-1.0.6
  license_family: BSD
  size: 122909
  timestamp: 1720974522888
- kind: conda
  name: c-ares
  version: 1.34.3
  build: h5505292_0
  subdir: osx-arm64
  url: https://conda.anaconda.org/conda-forge/osx-arm64/c-ares-1.34.3-h5505292_0.conda
  sha256: e9e0f737286f9f4173c76fb01a11ffbe87cfc2da4e99760e1e18f47851d7ae06
  md5: d0155a4f41f28628c7409ea000eeb19c
  depends:
  - __osx >=11.0
  license: MIT
  license_family: MIT
  size: 178951
  timestamp: 1731182071026
- kind: conda
  name: ca-certificates
  version: 2024.8.30
  build: hf0a4a13_0
  subdir: osx-arm64
  url: https://conda.anaconda.org/conda-forge/osx-arm64/ca-certificates-2024.8.30-hf0a4a13_0.conda
  sha256: 2db1733f4b644575dbbdd7994a8f338e6ef937f5ebdb74acd557e9dda0211709
  md5: 40dec13fd8348dbe303e57be74bd3d35
  license: ISC
  size: 158482
  timestamp: 1725019034582
- kind: conda
  name: cairo
  version: 1.18.0
  build: hb4a6bf7_3
  build_number: 3
  subdir: osx-arm64
  url: https://conda.anaconda.org/conda-forge/osx-arm64/cairo-1.18.0-hb4a6bf7_3.conda
  sha256: f7603b7f6ee7c6e07c23d77302420194f4ec1b8e8facfff2b6aab17c7988a102
  md5: 08bd0752f3de8a2d8a35fd012f09531f
  depends:
  - __osx >=11.0
  - fontconfig >=2.14.2,<3.0a0
  - fonts-conda-ecosystem
  - freetype >=2.12.1,<3.0a0
  - icu >=75.1,<76.0a0
  - libcxx >=16
  - libglib >=2.80.3,<3.0a0
  - libpng >=1.6.43,<1.7.0a0
  - libzlib >=1.3.1,<2.0a0
  - pixman >=0.43.4,<1.0a0
  - zlib
  license: LGPL-2.1-only or MPL-1.1
  size: 899126
  timestamp: 1721139203735
- kind: conda
  name: font-ttf-dejavu-sans-mono
  version: '2.37'
  build: hab24e00_0
  subdir: noarch
  noarch: generic
  url: https://conda.anaconda.org/conda-forge/noarch/font-ttf-dejavu-sans-mono-2.37-hab24e00_0.tar.bz2
  sha256: 58d7f40d2940dd0a8aa28651239adbf5613254df0f75789919c4e6762054403b
  md5: 0c96522c6bdaed4b1566d11387caaf45
  license: BSD-3-Clause
  license_family: BSD
  size: 397370
  timestamp: 1566932522327
- kind: conda
  name: font-ttf-inconsolata
  version: '3.000'
  build: h77eed37_0
  subdir: noarch
  noarch: generic
  url: https://conda.anaconda.org/conda-forge/noarch/font-ttf-inconsolata-3.000-h77eed37_0.tar.bz2
  sha256: c52a29fdac682c20d252facc50f01e7c2e7ceac52aa9817aaf0bb83f7559ec5c
  md5: 34893075a5c9e55cdafac56607368fc6
  license: OFL-1.1
  license_family: Other
  size: 96530
  timestamp: 1620479909603
- kind: conda
  name: font-ttf-source-code-pro
  version: '2.038'
  build: h77eed37_0
  subdir: noarch
  noarch: generic
  url: https://conda.anaconda.org/conda-forge/noarch/font-ttf-source-code-pro-2.038-h77eed37_0.tar.bz2
  sha256: 00925c8c055a2275614b4d983e1df637245e19058d79fc7dd1a93b8d9fb4b139
  md5: 4d59c254e01d9cde7957100457e2d5fb
  license: OFL-1.1
  license_family: Other
  size: 700814
  timestamp: 1620479612257
- kind: conda
  name: font-ttf-ubuntu
  version: '0.83'
  build: h77eed37_3
  build_number: 3
  subdir: noarch
  noarch: generic
  url: https://conda.anaconda.org/conda-forge/noarch/font-ttf-ubuntu-0.83-h77eed37_3.conda
  sha256: 2821ec1dc454bd8b9a31d0ed22a7ce22422c0aef163c59f49dfdf915d0f0ca14
  md5: 49023d73832ef61042f6a237cb2687e7
  license: LicenseRef-Ubuntu-Font-Licence-Version-1.0
  license_family: Other
  size: 1620504
  timestamp: 1727511233259
- kind: conda
  name: fontconfig
  version: 2.15.0
  build: h1383a14_1
  build_number: 1
  subdir: osx-arm64
  url: https://conda.anaconda.org/conda-forge/osx-arm64/fontconfig-2.15.0-h1383a14_1.conda
  sha256: f79d3d816fafbd6a2b0f75ebc3251a30d3294b08af9bb747194121f5efa364bc
  md5: 7b29f48742cea5d1ccb5edd839cb5621
  depends:
  - __osx >=11.0
  - freetype >=2.12.1,<3.0a0
  - libexpat >=2.6.3,<3.0a0
  - libzlib >=1.3.1,<2.0a0
  license: MIT
  license_family: MIT
  size: 234227
  timestamp: 1730284037572
- kind: conda
  name: fonts-conda-ecosystem
  version: '1'
  build: '0'
  subdir: noarch
  noarch: generic
  url: https://conda.anaconda.org/conda-forge/noarch/fonts-conda-ecosystem-1-0.tar.bz2
  sha256: a997f2f1921bb9c9d76e6fa2f6b408b7fa549edd349a77639c9fe7a23ea93e61
  md5: fee5683a3f04bd15cbd8318b096a27ab
  depends:
  - fonts-conda-forge
  license: BSD-3-Clause
  license_family: BSD
  size: 3667
  timestamp: 1566974674465
- kind: conda
  name: fonts-conda-forge
  version: '1'
  build: '0'
  subdir: noarch
  noarch: generic
  url: https://conda.anaconda.org/conda-forge/noarch/fonts-conda-forge-1-0.tar.bz2
  sha256: 53f23a3319466053818540bcdf2091f253cbdbab1e0e9ae7b9e509dcaa2a5e38
  md5: f766549260d6815b0c52253f1fb1bb29
  depends:
  - font-ttf-dejavu-sans-mono
  - font-ttf-inconsolata
  - font-ttf-source-code-pro
  - font-ttf-ubuntu
  license: BSD-3-Clause
  license_family: BSD
  size: 4102
  timestamp: 1566932280397
- kind: conda
  name: freetype
  version: 2.12.1
  build: hadb7bae_2
  build_number: 2
  subdir: osx-arm64
  url: https://conda.anaconda.org/conda-forge/osx-arm64/freetype-2.12.1-hadb7bae_2.conda
  sha256: 791673127e037a2dc0eebe122dc4f904cb3f6e635bb888f42cbe1a76b48748d9
  md5: e6085e516a3e304ce41a8ee08b9b89ad
  depends:
  - libpng >=1.6.39,<1.7.0a0
  - libzlib >=1.2.13,<2.0.0a0
  license: GPL-2.0-only OR FTL
  size: 596430
  timestamp: 1694616332835
- kind: conda
  name: icu
  version: '75.1'
  build: hfee45f7_0
  subdir: osx-arm64
  url: https://conda.anaconda.org/conda-forge/osx-arm64/icu-75.1-hfee45f7_0.conda
  sha256: 9ba12c93406f3df5ab0a43db8a4b4ef67a5871dfd401010fbe29b218b2cbe620
  md5: 5eb22c1d7b3fc4abb50d92d621583137
  depends:
  - __osx >=11.0
  license: MIT
  license_family: MIT
  size: 11857802
  timestamp: 1720853997952
- kind: conda
  name: krb5
  version: 1.21.3
  build: h237132a_0
  subdir: osx-arm64
  url: https://conda.anaconda.org/conda-forge/osx-arm64/krb5-1.21.3-h237132a_0.conda
  sha256: 4442f957c3c77d69d9da3521268cad5d54c9033f1a73f99cde0a3658937b159b
  md5: c6dc8a0fdec13a0565936655c33069a1
  depends:
  - __osx >=11.0
  - libcxx >=16
  - libedit >=3.1.20191231,<3.2.0a0
  - libedit >=3.1.20191231,<4.0a0
  - openssl >=3.3.1,<4.0a0
  license: MIT
  license_family: MIT
  size: 1155530
  timestamp: 1719463474401
- kind: conda
  name: lcms2
  version: '2.16'
  build: ha0e7c42_0
  subdir: osx-arm64
  url: https://conda.anaconda.org/conda-forge/osx-arm64/lcms2-2.16-ha0e7c42_0.conda
  sha256: 151e0c84feb7e0747fabcc85006b8973b22f5abbc3af76a9add0b0ef0320ebe4
  md5: 66f6c134e76fe13cce8a9ea5814b5dd5
  depends:
  - libjpeg-turbo >=3.0.0,<4.0a0
  - libtiff >=4.6.0,<4.8.0a0
  license: MIT
  license_family: MIT
  size: 211959
  timestamp: 1701647962657
- kind: conda
  name: lerc
  version: 4.0.0
  build: h9a09cb3_0
  subdir: osx-arm64
  url: https://conda.anaconda.org/conda-forge/osx-arm64/lerc-4.0.0-h9a09cb3_0.tar.bz2
  sha256: 6f068bb53dfb6147d3147d981bb851bb5477e769407ad4e6a68edf482fdcb958
  md5: de462d5aacda3b30721b512c5da4e742
  depends:
  - libcxx >=13.0.1
  license: Apache-2.0
  license_family: Apache
  size: 215721
  timestamp: 1657977558796
- kind: conda
  name: libcurl
  version: 8.10.1
  build: h13a7ad3_0
  subdir: osx-arm64
  url: https://conda.anaconda.org/conda-forge/osx-arm64/libcurl-8.10.1-h13a7ad3_0.conda
  sha256: 983a977c5627f975a930542c8aabb46089ec6ea72f28d9c4d3ee8eafaf2fc25a
  md5: d84030d0863ffe7dea00b9a807fee961
  depends:
  - __osx >=11.0
  - krb5 >=1.21.3,<1.22.0a0
  - libnghttp2 >=1.58.0,<2.0a0
  - libssh2 >=1.11.0,<2.0a0
  - libzlib >=1.3.1,<2.0a0
  - openssl >=3.3.2,<4.0a0
  - zstd >=1.5.6,<1.6.0a0
  license: curl
  license_family: MIT
  size: 379948
  timestamp: 1726660033582
- kind: conda
  name: libcxx
  version: 19.1.3
  build: ha82da77_0
  subdir: osx-arm64
  url: https://conda.anaconda.org/conda-forge/osx-arm64/libcxx-19.1.3-ha82da77_0.conda
  sha256: 6d062760c6439e75b9a44d800d89aff60fe3441998d87506c62dc94c50412ef4
  md5: bf691071fba4734984231617783225bc
  depends:
  - __osx >=11.0
  license: Apache-2.0 WITH LLVM-exception
  license_family: Apache
  size: 520771
  timestamp: 1730314603920
- kind: conda
  name: libdeflate
  version: '1.22'
  build: hd74edd7_0
  subdir: osx-arm64
  url: https://conda.anaconda.org/conda-forge/osx-arm64/libdeflate-1.22-hd74edd7_0.conda
  sha256: 3552894ca62bebc33d05982937cda25a4fa19e56a82af2ff20944ff4c2532fda
  md5: 2d3e3f3d8ab315748420ef58d5a3ae0f
  depends:
  - __osx >=11.0
  license: MIT
  license_family: MIT
  size: 54089
  timestamp: 1728177149927
- kind: conda
  name: libedit
  version: 3.1.20191231
  build: hc8eb9b7_2
  build_number: 2
  subdir: osx-arm64
  url: https://conda.anaconda.org/conda-forge/osx-arm64/libedit-3.1.20191231-hc8eb9b7_2.tar.bz2
  sha256: 3912636197933ecfe4692634119e8644904b41a58f30cad9d1fc02f6ba4d9fca
  md5: 30e4362988a2623e9eb34337b83e01f9
  depends:
  - ncurses >=6.2,<7.0.0a0
  license: BSD-2-Clause
  license_family: BSD
  size: 96607
  timestamp: 1597616630749
- kind: conda
  name: libev
  version: '4.33'
  build: h93a5062_2
  build_number: 2
  subdir: osx-arm64
  url: https://conda.anaconda.org/conda-forge/osx-arm64/libev-4.33-h93a5062_2.conda
  sha256: 95cecb3902fbe0399c3a7e67a5bed1db813e5ab0e22f4023a5e0f722f2cc214f
  md5: 36d33e440c31857372a72137f78bacf5
  license: BSD-2-Clause
  license_family: BSD
  size: 107458
  timestamp: 1702146414478
- kind: conda
  name: libexpat
  version: 2.6.4
  build: h286801f_0
  subdir: osx-arm64
  url: https://conda.anaconda.org/conda-forge/osx-arm64/libexpat-2.6.4-h286801f_0.conda
  sha256: e42ab5ace927ee7c84e3f0f7d813671e1cf3529f5f06ee5899606630498c2745
  md5: 38d2656dd914feb0cab8c629370768bf
  depends:
  - __osx >=11.0
  constrains:
  - expat 2.6.4.*
  license: MIT
  license_family: MIT
  size: 64693
  timestamp: 1730967175868
- kind: conda
  name: libffi
  version: 3.4.2
  build: h3422bc3_5
  build_number: 5
  subdir: osx-arm64
  url: https://conda.anaconda.org/conda-forge/osx-arm64/libffi-3.4.2-h3422bc3_5.tar.bz2
  sha256: 41b3d13efb775e340e4dba549ab5c029611ea6918703096b2eaa9c015c0750ca
  md5: 086914b672be056eb70fd4285b6783b6
  license: MIT
  license_family: MIT
  size: 39020
  timestamp: 1636488587153
- kind: conda
  name: libglib
  version: 2.82.2
  build: h07bd6cf_0
  subdir: osx-arm64
  url: https://conda.anaconda.org/conda-forge/osx-arm64/libglib-2.82.2-h07bd6cf_0.conda
  sha256: 101fb31c509d6a69ac5d612b51d4088ddbc675fca18cf0c3589cfee26cd01ca0
  md5: 890783f64502fa6bfcdc723cfbf581b4
  depends:
  - __osx >=11.0
  - libffi >=3.4,<4.0a0
  - libiconv >=1.17,<2.0a0
  - libintl >=0.22.5,<1.0a0
  - libzlib >=1.3.1,<2.0a0
  - pcre2 >=10.44,<10.45.0a0
  constrains:
  - glib 2.82.2 *_0
  license: LGPL-2.1-or-later
  size: 3635416
  timestamp: 1729191799117
- kind: conda
  name: libiconv
  version: '1.17'
  build: h0d3ecfb_2
  build_number: 2
  subdir: osx-arm64
  url: https://conda.anaconda.org/conda-forge/osx-arm64/libiconv-1.17-h0d3ecfb_2.conda
  sha256: bc7de5097b97bcafcf7deaaed505f7ce02f648aac8eccc0d5a47cc599a1d0304
  md5: 69bda57310071cf6d2b86caf11573d2d
  license: LGPL-2.1-only
  size: 676469
  timestamp: 1702682458114
- kind: conda
  name: libintl
  version: 0.22.5
  build: h8414b35_3
  build_number: 3
  subdir: osx-arm64
  url: https://conda.anaconda.org/conda-forge/osx-arm64/libintl-0.22.5-h8414b35_3.conda
  sha256: 7c1d238d4333af385e594c89ebcb520caad7ed83a735c901099ec0970a87a891
  md5: 3b98ec32e91b3b59ad53dbb9c96dd334
  depends:
  - __osx >=11.0
  - libiconv >=1.17,<2.0a0
  license: LGPL-2.1-or-later
  size: 81171
  timestamp: 1723626968270
- kind: conda
  name: libjpeg-turbo
  version: 3.0.0
  build: hb547adb_1
  build_number: 1
  subdir: osx-arm64
  url: https://conda.anaconda.org/conda-forge/osx-arm64/libjpeg-turbo-3.0.0-hb547adb_1.conda
  sha256: a42054eaa38e84fc1e5ab443facac4bbc9d1b6b6f23f54b7bf4f1eb687e1d993
  md5: 3ff1e053dc3a2b8e36b9bfa4256a58d1
  constrains:
  - jpeg <0.0.0a
  license: IJG AND BSD-3-Clause AND Zlib
  size: 547541
  timestamp: 1694475104253
- kind: conda
  name: libnghttp2
  version: 1.64.0
  build: h6d7220d_0
  subdir: osx-arm64
  url: https://conda.anaconda.org/conda-forge/osx-arm64/libnghttp2-1.64.0-h6d7220d_0.conda
  sha256: 00cc685824f39f51be5233b54e19f45abd60de5d8847f1a56906f8936648b72f
  md5: 3408c02539cee5f1141f9f11450b6a51
  depends:
  - __osx >=11.0
  - c-ares >=1.34.2,<2.0a0
  - libcxx >=17
  - libev >=4.33,<4.34.0a0
  - libev >=4.33,<5.0a0
  - libzlib >=1.3.1,<2.0a0
  - openssl >=3.3.2,<4.0a0
  license: MIT
  license_family: MIT
  size: 566719
  timestamp: 1729572385640
- kind: conda
  name: libpng
  version: 1.6.44
  build: hc14010f_0
  subdir: osx-arm64
  url: https://conda.anaconda.org/conda-forge/osx-arm64/libpng-1.6.44-hc14010f_0.conda
  sha256: 38f8759a3eb8060deabd4db41f0f023514d853e46ddcbd0ba21768fc4e563bb1
  md5: fb36e93f0ea6a6f5d2b99984f34b049e
  depends:
  - __osx >=11.0
  - libzlib >=1.3.1,<2.0a0
  license: zlib-acknowledgement
  size: 263385
  timestamp: 1726234714421
- kind: conda
  name: libsqlite
  version: 3.47.0
  build: hbaaea75_1
  build_number: 1
  subdir: osx-arm64
  url: https://conda.anaconda.org/conda-forge/osx-arm64/libsqlite-3.47.0-hbaaea75_1.conda
  sha256: 5a96caa566c11e5a5ebdcdb86a0759a7fb27d3c5f42e6a0fd0d6023c1e935d9e
  md5: 07a14fbe439eef078cc479deca321161
  depends:
  - __osx >=11.0
  - libzlib >=1.3.1,<2.0a0
  license: Unlicense
  size: 837683
  timestamp: 1730208293578
- kind: conda
  name: libssh2
  version: 1.11.0
  build: h7a5bd25_0
  subdir: osx-arm64
  url: https://conda.anaconda.org/conda-forge/osx-arm64/libssh2-1.11.0-h7a5bd25_0.conda
  sha256: bb57d0c53289721fff1eeb3103a1c6a988178e88d8a8f4345b0b91a35f0e0015
  md5: 029f7dc931a3b626b94823bc77830b01
  depends:
  - libzlib >=1.2.13,<2.0.0a0
  - openssl >=3.1.1,<4.0a0
  license: BSD-3-Clause
  license_family: BSD
  size: 255610
  timestamp: 1685837894256
- kind: conda
  name: libtiff
  version: 4.7.0
  build: hfce79cd_1
  build_number: 1
  subdir: osx-arm64
  url: https://conda.anaconda.org/conda-forge/osx-arm64/libtiff-4.7.0-hfce79cd_1.conda
  sha256: 97ba24c74750b6e731b3fe0d2a751cda6148b4937d2cc3f72d43bf7b3885c39d
  md5: b9abf45f7c64caf3303725f1aa0e9a4d
  depends:
  - __osx >=11.0
  - lerc >=4.0.0,<5.0a0
  - libcxx >=17
  - libdeflate >=1.22,<1.23.0a0
  - libjpeg-turbo >=3.0.0,<4.0a0
  - libwebp-base >=1.4.0,<2.0a0
  - libzlib >=1.3.1,<2.0a0
  - xz >=5.2.6,<6.0a0
  - zstd >=1.5.6,<1.6.0a0
  license: HPND
  size: 366323
  timestamp: 1728232400072
- kind: conda
  name: libwebp-base
  version: 1.4.0
  build: h93a5062_0
  subdir: osx-arm64
  url: https://conda.anaconda.org/conda-forge/osx-arm64/libwebp-base-1.4.0-h93a5062_0.conda
  sha256: 0d4bad713a512d79bfeb4d61821f447afab8b0792aca823f505ce6b195e9fde5
  md5: c0af0edfebe780b19940e94871f1a765
  constrains:
  - libwebp 1.4.0
  license: BSD-3-Clause
  license_family: BSD
  size: 287750
  timestamp: 1713200194013
- kind: conda
  name: libzlib
  version: 1.3.1
  build: h8359307_2
  build_number: 2
  subdir: osx-arm64
  url: https://conda.anaconda.org/conda-forge/osx-arm64/libzlib-1.3.1-h8359307_2.conda
  sha256: ce34669eadaba351cd54910743e6a2261b67009624dbc7daeeafdef93616711b
  md5: 369964e85dc26bfe78f41399b366c435
  depends:
  - __osx >=11.0
  constrains:
  - zlib 1.3.1 *_2
  license: Zlib
  license_family: Other
  size: 46438
  timestamp: 1727963202283
- kind: conda
  name: ncurses
  version: '6.5'
  build: h7bae524_1
  build_number: 1
  subdir: osx-arm64
  url: https://conda.anaconda.org/conda-forge/osx-arm64/ncurses-6.5-h7bae524_1.conda
  sha256: 27d0b9ff78ad46e1f3a6c96c479ab44beda5f96def88e2fe626e0a49429d8afc
  md5: cb2b0ea909b97b3d70cd3921d1445e1a
  depends:
  - __osx >=11.0
  license: X11 AND BSD-3-Clause
  size: 802321
  timestamp: 1724658775723
- kind: conda
  name: nspr
  version: '4.36'
  build: h5833ebf_0
  subdir: osx-arm64
  url: https://conda.anaconda.org/conda-forge/osx-arm64/nspr-4.36-h5833ebf_0.conda
  sha256: 71f790d3dafe309e46c2214a6354d8d1818d646d637b2f5f9f84c5aa5c315a42
  md5: 026a08bd5b6a2a2f240c00c32446156d
  depends:
  - __osx >=11.0
  - libcxx >=17
  license: MPL-2.0
  license_family: MOZILLA
  size: 202873
  timestamp: 1729545964601
- kind: conda
  name: nss
  version: '3.106'
  build: h6f44f80_0
  subdir: osx-arm64
  url: https://conda.anaconda.org/conda-forge/osx-arm64/nss-3.106-h6f44f80_0.conda
  sha256: de7cc89e24b7e72c9f842534af205b566d7bceb95307aad0434a40e2ec13e73e
  md5: 243f6ae13f81edd8e82f0baddab0aaf2
  depends:
  - __osx >=11.0
  - libcxx >=17
  - libsqlite >=3.47.0,<4.0a0
  - libzlib >=1.3.1,<2.0a0
  - nspr >=4.36,<5.0a0
  license: MPL-2.0
  license_family: MOZILLA
  size: 1814292
  timestamp: 1729811695707
- kind: conda
  name: openjpeg
  version: 2.5.2
  build: h9f1df11_0
  subdir: osx-arm64
  url: https://conda.anaconda.org/conda-forge/osx-arm64/openjpeg-2.5.2-h9f1df11_0.conda
  sha256: 472d6eaffc1996e6af35ec8e91c967f472a536a470079bfa56383cc0dbf4d463
  md5: 5029846003f0bc14414b9128a1f7c84b
  depends:
  - libcxx >=16
  - libpng >=1.6.43,<1.7.0a0
  - libtiff >=4.6.0,<4.8.0a0
  - libzlib >=1.2.13,<2.0.0a0
  license: BSD-2-Clause
  license_family: BSD
  size: 316603
  timestamp: 1709159627299
- kind: conda
  name: openssl
  version: 3.4.0
  build: h39f12f2_0
  subdir: osx-arm64
  url: https://conda.anaconda.org/conda-forge/osx-arm64/openssl-3.4.0-h39f12f2_0.conda
  sha256: bd1d58ced46e75efa3b842c61642fd12272c69e9fe4d7261078bc082153a1d53
  md5: df307bbc703324722df0293c9ca2e418
  depends:
  - __osx >=11.0
  - ca-certificates
  license: Apache-2.0
  license_family: Apache
  size: 2935176
  timestamp: 1731377561525
- kind: conda
  name: pcre2
  version: '10.44'
  build: h297a79d_2
  build_number: 2
  subdir: osx-arm64
  url: https://conda.anaconda.org/conda-forge/osx-arm64/pcre2-10.44-h297a79d_2.conda
  sha256: 83153c7d8fd99cab33c92ce820aa7bfed0f1c94fc57010cf227b6e3c50cb7796
  md5: 147c83e5e44780c7492998acbacddf52
  depends:
  - __osx >=11.0
  - bzip2 >=1.0.8,<2.0a0
  - libzlib >=1.3.1,<2.0a0
  license: BSD-3-Clause
  license_family: BSD
  size: 618973
  timestamp: 1723488853807
- kind: conda
  name: pixman
  version: 0.43.4
  build: hebf3989_0
  subdir: osx-arm64
  url: https://conda.anaconda.org/conda-forge/osx-arm64/pixman-0.43.4-hebf3989_0.conda
  sha256: df0ba2710ccdea5c909b63635529797f6eb3635b6fb77ae9cb2f183d08818409
  md5: 0308c68e711cd295aaa026a4f8c4b1e5
  depends:
  - libcxx >=16
  license: MIT
  license_family: MIT
  size: 198755
  timestamp: 1709239846651
- kind: conda
  name: poppler
  version: 24.08.0
  build: h37b219d_1
  build_number: 1
  subdir: osx-arm64
  url: https://conda.anaconda.org/conda-forge/osx-arm64/poppler-24.08.0-h37b219d_1.conda
  sha256: a6b5abfcb9b44049f80e85d91fd1de2cfb2c18c9831c8f9efef9923bcac6051d
  md5: 7926153cd183b32ba82966ab548611ab
  depends:
  - __osx >=11.0
  - cairo >=1.18.0,<2.0a0
  - fontconfig >=2.14.2,<3.0a0
  - fonts-conda-ecosystem
  - freetype >=2.12.1,<3.0a0
  - lcms2 >=2.16,<3.0a0
  - libcurl >=8.9.1,<9.0a0
  - libcxx >=17
  - libglib >=2.80.3,<3.0a0
  - libiconv >=1.17,<2.0a0
  - libintl >=0.22.5,<1.0a0
  - libjpeg-turbo >=3.0.0,<4.0a0
  - libpng >=1.6.43,<1.7.0a0
  - libtiff >=4.6.0,<4.8.0a0
  - libzlib >=1.3.1,<2.0a0
  - nspr >=4.35,<5.0a0
  - nss >=3.103,<4.0a0
  - openjpeg >=2.5.2,<3.0a0
  - poppler-data
  license: GPL-2.0-only
  license_family: GPL
  size: 1514138
  timestamp: 1724660307740
- kind: conda
  name: poppler-data
  version: 0.4.12
  build: hd8ed1ab_0
  subdir: noarch
  noarch: generic
  url: https://conda.anaconda.org/conda-forge/noarch/poppler-data-0.4.12-hd8ed1ab_0.conda
  sha256: 2f227e17b3c0346112815faa605502b66c1c4511a856127f2899abf15a98a2cf
  md5: d8d7293c5b37f39b2ac32940621c6592
  license: BSD-3-Clause AND (GPL-2.0-only OR GPL-3.0-only)
  license_family: OTHER
  size: 2348171
  timestamp: 1675353652214
- kind: conda
  name: xz
  version: 5.2.6
  build: h57fd34a_0
  subdir: osx-arm64
  url: https://conda.anaconda.org/conda-forge/osx-arm64/xz-5.2.6-h57fd34a_0.tar.bz2
  sha256: 59d78af0c3e071021cfe82dc40134c19dab8cdf804324b62940f5c8cd71803ec
  md5: 39c6b54e94014701dd157f4f576ed211
  license: LGPL-2.1 and GPL-2.0
  size: 235693
  timestamp: 1660346961024
- kind: conda
  name: zlib
  version: 1.3.1
  build: h8359307_2
  build_number: 2
  subdir: osx-arm64
  url: https://conda.anaconda.org/conda-forge/osx-arm64/zlib-1.3.1-h8359307_2.conda
  sha256: 58f8860756680a4831c1bf4f294e2354d187f2e999791d53b1941834c4b37430
  md5: e3170d898ca6cb48f1bb567afb92f775
  depends:
  - __osx >=11.0
  - libzlib 1.3.1 h8359307_2
  license: Zlib
  license_family: Other
  size: 77606
  timestamp: 1727963209370
- kind: conda
  name: zstd
  version: 1.5.6
  build: hb46c0d2_0
  subdir: osx-arm64
  url: https://conda.anaconda.org/conda-forge/osx-arm64/zstd-1.5.6-hb46c0d2_0.conda
  sha256: 2d4fd1ff7ee79cd954ca8e81abf11d9d49954dd1fef80f27289e2402ae9c2e09
  md5: d96942c06c3e84bfcc5efb038724a7fd
  depends:
  - __osx >=11.0
  - libzlib >=1.2.13,<2.0.0a0
  license: BSD-3-Clause
  license_family: BSD
  size: 405089
  timestamp: 1714723101397
